
Microsoft Visual Studio Solution File, Format Version 12.00
# Visual Studio Version 17
VisualStudioVersion = 17.6.33815.320
MinimumVisualStudioVersion = 10.0.40219.1
Project("{FAE04EC0-301F-11D3-BF4B-00C04F79EFBC}") = "LabExamQu1", "LabExamQu1.csproj", "{DD9038DC-C8EC-47D8-8D6E-F6D5CA9D40EF}"
EndProject
Global
	GlobalSection(SolutionConfigurationPlatforms) = preSolution
		Debug|Any CPU = Debug|Any CPU
		Release|Any CPU = Release|Any CPU
	EndGlobalSection
	GlobalSection(ProjectConfigurationPlatforms) = postSolution
		{DD9038DC-C8EC-47D8-8D6E-F6D5CA9D40EF}.Debug|Any CPU.ActiveCfg = Debug|Any CPU
		{DD9038DC-C8EC-47D8-8D6E-F6D5CA9D40EF}.Debug|Any CPU.Build.0 = Debug|Any CPU
		{DD9038DC-C8EC-47D8-8D6E-F6D5CA9D40EF}.Release|Any CPU.ActiveCfg = Release|Any CPU
		{DD9038DC-C8EC-47D8-8D6E-F6D5CA9D40EF}.Release|Any CPU.Build.0 = Release|Any CPU
	EndGlobalSection
	GlobalSection(SolutionProperties) = preSolution
		HideSolutionNode = FALSE
	EndGlobalSection
	GlobalSection(ExtensibilityGlobals) = postSolution
		SolutionGuid = {2DC586B1-A93B-4979-AA00-B5EB6068FEA2}
	EndGlobalSection
EndGlobal
